
Microsoft Visual Studio Solution File, Format Version 12.00
# Visual Studio Version 16
VisualStudioVersion = 16.0.30114.105
MinimumVisualStudioVersion = 10.0.40219.1
Project("{FAE04EC0-301F-11D3-BF4B-00C04F79EFBC}") = "HelloWorld", "HelloWorld\HelloWorld.csproj", "{9CDE3A12-0061-4CB6-965B-A1464584EFA2}"
EndProject
Project("{FAE04EC0-301F-11D3-BF4B-00C04F79EFBC}") = "HelloWorld.Tests", "HelloWorld.Tests\HelloWorld.Tests.csproj", "{A5DCC13C-249C-44D1-9659-BD6318072242}"
EndProject
Global
	GlobalSection(SolutionConfigurationPlatforms) = preSolution
		Debug|Any CPU = Debug|Any CPU
		Debug|x64 = Debug|x64
		Debug|x86 = Debug|x86
		Release|Any CPU = Release|Any CPU
		Release|x64 = Release|x64
		Release|x86 = Release|x86
	EndGlobalSection
	GlobalSection(SolutionProperties) = preSolution
		HideSolutionNode = FALSE
	EndGlobalSection
	GlobalSection(ProjectConfigurationPlatforms) = postSolution
		{9CDE3A12-0061-4CB6-965B-A1464584EFA2}.Debug|Any CPU.ActiveCfg = Debug|Any CPU
		{9CDE3A12-0061-4CB6-965B-A1464584EFA2}.Debug|Any CPU.Build.0 = Debug|Any CPU
		{9CDE3A12-0061-4CB6-965B-A1464584EFA2}.Debug|x64.ActiveCfg = Debug|Any CPU
		{9CDE3A12-0061-4CB6-965B-A1464584EFA2}.Debug|x64.Build.0 = Debug|Any CPU
		{9CDE3A12-0061-4CB6-965B-A1464584EFA2}.Debug|x86.ActiveCfg = Debug|Any CPU
		{9CDE3A12-0061-4CB6-965B-A1464584EFA2}.Debug|x86.Build.0 = Debug|Any CPU
		{9CDE3A12-0061-4CB6-965B-A1464584EFA2}.Release|Any CPU.ActiveCfg = Release|Any CPU
		{9CDE3A12-0061-4CB6-965B-A1464584EFA2}.Release|Any CPU.Build.0 = Release|Any CPU
		{9CDE3A12-0061-4CB6-965B-A1464584EFA2}.Release|x64.ActiveCfg = Release|Any CPU
		{9CDE3A12-0061-4CB6-965B-A1464584EFA2}.Release|x64.Build.0 = Release|Any CPU
		{9CDE3A12-0061-4CB6-965B-A1464584EFA2}.Release|x86.ActiveCfg = Release|Any CPU
		{9CDE3A12-0061-4CB6-965B-A1464584EFA2}.Release|x86.Build.0 = Release|Any CPU
		{A5DCC13C-249C-44D1-9659-BD6318072242}.Debug|Any CPU.ActiveCfg = Debug|Any CPU
		{A5DCC13C-249C-44D1-9659-BD6318072242}.Debug|Any CPU.Build.0 = Debug|Any CPU
		{A5DCC13C-249C-44D1-9659-BD6318072242}.Debug|x64.ActiveCfg = Debug|Any CPU
		{A5DCC13C-249C-44D1-9659-BD6318072242}.Debug|x64.Build.0 = Debug|Any CPU
		{A5DCC13C-249C-44D1-9659-BD6318072242}.Debug|x86.ActiveCfg = Debug|Any CPU
		{A5DCC13C-249C-44D1-9659-BD6318072242}.Debug|x86.Build.0 = Debug|Any CPU
		{A5DCC13C-249C-44D1-9659-BD6318072242}.Release|Any CPU.ActiveCfg = Release|Any CPU
		{A5DCC13C-249C-44D1-9659-BD6318072242}.Release|Any CPU.Build.0 = Release|Any CPU
		{A5DCC13C-249C-44D1-9659-BD6318072242}.Release|x64.ActiveCfg = Release|Any CPU
		{A5DCC13C-249C-44D1-9659-BD6318072242}.Release|x64.Build.0 = Release|Any CPU
		{A5DCC13C-249C-44D1-9659-BD6318072242}.Release|x86.ActiveCfg = Release|Any CPU
		{A5DCC13C-249C-44D1-9659-BD6318072242}.Release|x86.Build.0 = Release|Any CPU
	EndGlobalSection
EndGlobal
